{
  "object": {
    "pins": [
      {
        "package": "libwebp",
        "repositoryURL": "https://github.com/wannagohome/libwebp-Xcode.git",
        "state": {
          "branch": "master",
          "revision": "3f8e0daadec2966c09514dcee8bfdb1baae73682",
          "version": null
        }
      },
      {
        "package": "SDWebImage",
        "repositoryURL": "https://github.com/SDWebImage/SDWebImage.git",
        "state": {
          "branch": null,
          "revision": "7a21432a370a34925046244462281bd36ebab73d",
          "version": "5.9.1"
        }
      }
    ]
  },
  "version": 1
}
